
Microsoft Visual Studio Solution File, Format Version 12.00
# Visual Studio Version 17
VisualStudioVersion = 17.3.32804.467
MinimumVisualStudioVersion = 10.0.40219.1
Project("{888888A0-9F3D-457C-B088-3A5042F75D52}") = "Qrcode1", "Qrcode1\Qrcode1.pyproj", "{6DDF2BA6-F705-48BF-86F2-FACEE6DCE68D}"
EndProject
Global
	GlobalSection(SolutionConfigurationPlatforms) = preSolution
		Debug|Any CPU = Debug|Any CPU
		Release|Any CPU = Release|Any CPU
	EndGlobalSection
	GlobalSection(ProjectConfigurationPlatforms) = postSolution
		{6DDF2BA6-F705-48BF-86F2-FACEE6DCE68D}.Debug|Any CPU.ActiveCfg = Debug|Any CPU
		{6DDF2BA6-F705-48BF-86F2-FACEE6DCE68D}.Release|Any CPU.ActiveCfg = Release|Any CPU
	EndGlobalSection
	GlobalSection(SolutionProperties) = preSolution
		HideSolutionNode = FALSE
	EndGlobalSection
	GlobalSection(ExtensibilityGlobals) = postSolution
		SolutionGuid = {5526D547-E5E2-464B-B4BC-AEA93BB549EB}
	EndGlobalSection
EndGlobal
